
Microsoft Visual Studio Solution File, Format Version 12.00
# Visual Studio Version 17
VisualStudioVersion = 17.1.32414.318
MinimumVisualStudioVersion = 10.0.40219.1
Project("{FAE04EC0-301F-11D3-BF4B-00C04F79EFBC}") = "Data-hub", "Data-hub.csproj", "{7E87DE50-0071-4BE0-94ED-CEB7FD3B6325}"
EndProject
Global
	GlobalSection(SolutionConfigurationPlatforms) = preSolution
		Debug|Any CPU = Debug|Any CPU
		Release|Any CPU = Release|Any CPU
	EndGlobalSection
	GlobalSection(ProjectConfigurationPlatforms) = postSolution
		{7E87DE50-0071-4BE0-94ED-CEB7FD3B6325}.Debug|Any CPU.ActiveCfg = Debug|Any CPU
		{7E87DE50-0071-4BE0-94ED-CEB7FD3B6325}.Debug|Any CPU.Build.0 = Debug|Any CPU
		{7E87DE50-0071-4BE0-94ED-CEB7FD3B6325}.Release|Any CPU.ActiveCfg = Release|Any CPU
		{7E87DE50-0071-4BE0-94ED-CEB7FD3B6325}.Release|Any CPU.Build.0 = Release|Any CPU
	EndGlobalSection
	GlobalSection(SolutionProperties) = preSolution
		HideSolutionNode = FALSE
	EndGlobalSection
	GlobalSection(ExtensibilityGlobals) = postSolution
		SolutionGuid = {20F22484-167C-409A-862A-E77D846975ED}
	EndGlobalSection
EndGlobal
